
Microsoft Visual Studio Solution File, Format Version 12.00
# Visual Studio Version 16
VisualStudioVersion = 16.0.29519.87
MinimumVisualStudioVersion = 10.0.40219.1
Project("{FAE04EC0-301F-11D3-BF4B-00C04F79EFBC}") = "CarParkRates", "CarParkRates\CarParkRates.csproj", "{29E5CF04-DE8C-4610-84DE-6BC992E15755}"
EndProject
Project("{FAE04EC0-301F-11D3-BF4B-00C04F79EFBC}") = "CarParkRatesTests", "CarParkRatesTests\CarParkRatesTests.csproj", "{0882D57C-0FE2-483F-9FE0-20F51AC88FE9}"
EndProject
Global
	GlobalSection(SolutionConfigurationPlatforms) = preSolution
		Debug|Any CPU = Debug|Any CPU
		Release|Any CPU = Release|Any CPU
	EndGlobalSection
	GlobalSection(ProjectConfigurationPlatforms) = postSolution
		{29E5CF04-DE8C-4610-84DE-6BC992E15755}.Debug|Any CPU.ActiveCfg = Debug|Any CPU
		{29E5CF04-DE8C-4610-84DE-6BC992E15755}.Debug|Any CPU.Build.0 = Debug|Any CPU
		{29E5CF04-DE8C-4610-84DE-6BC992E15755}.Release|Any CPU.ActiveCfg = Release|Any CPU
		{29E5CF04-DE8C-4610-84DE-6BC992E15755}.Release|Any CPU.Build.0 = Release|Any CPU
		{0882D57C-0FE2-483F-9FE0-20F51AC88FE9}.Debug|Any CPU.ActiveCfg = Debug|Any CPU
		{0882D57C-0FE2-483F-9FE0-20F51AC88FE9}.Debug|Any CPU.Build.0 = Debug|Any CPU
		{0882D57C-0FE2-483F-9FE0-20F51AC88FE9}.Release|Any CPU.ActiveCfg = Release|Any CPU
		{0882D57C-0FE2-483F-9FE0-20F51AC88FE9}.Release|Any CPU.Build.0 = Release|Any CPU
	EndGlobalSection
	GlobalSection(SolutionProperties) = preSolution
		HideSolutionNode = FALSE
	EndGlobalSection
	GlobalSection(ExtensibilityGlobals) = postSolution
		SolutionGuid = {200ADE2C-940A-4779-9472-24A2E8B43ECF}
	EndGlobalSection
EndGlobal
